{
    "_meta": {
        "hash": {
            "sha256": "cba21358f5b6a4cc7f855d2cae4b18346197ea0a4ead0f1a106182acc3d3c3c5"
        },
        "pipfile-spec": 6,
        "requires": {
            "python_version": "3.7"
        },
        "sources": [
            {
                "name": "pypi",
                "url": "https://pypi.org/simple",
                "verify_ssl": true
            }
        ]
    },
    "default": {
        "blinker": {
            "hashes": [
                "sha256:471aee25f3992bd325afa3772f1063dbdbbca947a041b8b89466dc00d606f8b6"
            ],
            "version": "==1.4"
        },
        "certifi": {
            "hashes": [
                "sha256:1a4995114262bffbc2413b159f2a1a480c969de6e6eb13ee966d470af86af59c",
                "sha256:719a74fb9e33b9bd44cc7f3a8d94bc35e4049deebe19ba7d8e108280cfd59830"
            ],
            "version": "==2020.12.5"
        },
        "chardet": {
            "hashes": [
                "sha256:0d6f53a15db4120f2b08c94f11e7d93d2c911ee118b6b30a04ec3ee8310179fa",
                "sha256:f864054d66fd9118f2e67044ac8981a54775ec5b67aed0441892edb553d21da5"
            ],
            "version": "==4.0.0"
        },
        "cloudpickle": {
            "hashes": [
                "sha256:3a32d0eb0bc6f4d0c57fbc4f3e3780f7a81e6fee0fa935072884d58ae8e1cc7c",
                "sha256:9bc994f9e9447593bd0a45371f0e7ac7333710fcf64a4eb9834bf149f4ef2f32"
            ],
            "version": "==1.6.0"
        },
        "docutils": {
            "hashes": [
                "sha256:0c5b78adfbf7762415433f5515cd5c9e762339e23369dbe8000d84a4bf4ab3af",
                "sha256:c2de3a60e9e7d07be26b7f2b00ca0309c207e06c100f9cc2a94931fc75a478fc"
            ],
            "version": "==0.16"
        },
        "doit": {
            "hashes": [
                "sha256:211fc0de3fd9ee31e5c4ccb36bc1a4054b5c4a4a44f915ca413896155b684bfa",
                "sha256:37c3b35c2151647b968b2af24481112b2f813c30f695366db0639d529190a143"
            ],
            "markers": "python_version >= '3.4'",
            "version": "==0.33.1"
        },
        "idna": {
            "hashes": [
                "sha256:b307872f855b18632ce0c21c5e45be78c0ea7ae4c15c828c20788b26921eb3f6",
                "sha256:b97d804b1e9b523befed77c48dacec60e6dcb0b5391d57af6a65a312a90648c0"
            ],
            "version": "==2.10"
        },
        "logbook": {
            "hashes": [
                "sha256:0cf2cdbfb65a03b5987d19109dacad13417809dcf697f66e1a7084fb21744ea9",
                "sha256:2dc85f1510533fddb481e97677bb7bca913560862734c0b3b289bfed04f78c92",
                "sha256:56ee54c11df3377314cedcd6507638f015b4b88c0238c2e01b5eb44fd3a6ad1b",
                "sha256:66f454ada0f56eae43066f604a222b09893f98c1adc18df169710761b8f32fe8",
                "sha256:7c533eb728b3d220b1b5414ba4635292d149d79f74f6973b4aa744c850ca944a",
                "sha256:8f76a2e7b1f72595f753228732f81ce342caf03babc3fed6bbdcf366f2f20f18",
                "sha256:94e2e11ff3c2304b0d09a36c6208e5ae756eb948b210e5cbd63cd8d27f911542",
                "sha256:97fee1bd9605f76335b169430ed65e15e457a844b2121bd1d90a08cf7e30aba0",
                "sha256:e18f7422214b1cf0240c56f884fd9c9b4ff9d0da2eabca9abccba56df7222f66"
            ],
            "version": "==1.5.3"
        },
        "lxml": {
            "hashes": [
                "sha256:0448576c148c129594d890265b1a83b9cd76fd1f0a6a04620753d9a6bcfd0a4d",
                "sha256:127f76864468d6630e1b453d3ffbbd04b024c674f55cf0a30dc2595137892d37",
                "sha256:1471cee35eba321827d7d53d104e7b8c593ea3ad376aa2df89533ce8e1b24a01",
                "sha256:2363c35637d2d9d6f26f60a208819e7eafc4305ce39dc1d5005eccc4593331c2",
                "sha256:2e5cc908fe43fe1aa299e58046ad66981131a66aea3129aac7770c37f590a644",
                "sha256:2e6fd1b8acd005bd71e6c94f30c055594bbd0aa02ef51a22bbfa961ab63b2d75",
                "sha256:366cb750140f221523fa062d641393092813b81e15d0e25d9f7c6025f910ee80",
                "sha256:42ebca24ba2a21065fb546f3e6bd0c58c3fe9ac298f3a320147029a4850f51a2",
                "sha256:4e751e77006da34643ab782e4a5cc21ea7b755551db202bc4d3a423b307db780",
                "sha256:4fb85c447e288df535b17ebdebf0ec1cf3a3f1a8eba7e79169f4f37af43c6b98",
                "sha256:50c348995b47b5a4e330362cf39fc503b4a43b14a91c34c83b955e1805c8e308",
                "sha256:535332fe9d00c3cd455bd3dd7d4bacab86e2d564bdf7606079160fa6251caacf",
                "sha256:535f067002b0fd1a4e5296a8f1bf88193080ff992a195e66964ef2a6cfec5388",
                "sha256:5be4a2e212bb6aa045e37f7d48e3e1e4b6fd259882ed5a00786f82e8c37ce77d",
                "sha256:60a20bfc3bd234d54d49c388950195d23a5583d4108e1a1d47c9eef8d8c042b3",
                "sha256:648914abafe67f11be7d93c1a546068f8eff3c5fa938e1f94509e4a5d682b2d8",
                "sha256:681d75e1a38a69f1e64ab82fe4b1ed3fd758717bed735fb9aeaa124143f051af",
                "sha256:68a5d77e440df94011214b7db907ec8f19e439507a70c958f750c18d88f995d2",
                "sha256:69a63f83e88138ab7642d8f61418cf3180a4d8cd13995df87725cb8b893e950e",
                "sha256:6e4183800f16f3679076dfa8abf2db3083919d7e30764a069fb66b2b9eff9939",
                "sha256:6fd8d5903c2e53f49e99359b063df27fdf7acb89a52b6a12494208bf61345a03",
                "sha256:791394449e98243839fa822a637177dd42a95f4883ad3dec2a0ce6ac99fb0a9d",
                "sha256:7a7669ff50f41225ca5d6ee0a1ec8413f3a0d8aa2b109f86d540887b7ec0d72a",
                "sha256:7e9eac1e526386df7c70ef253b792a0a12dd86d833b1d329e038c7a235dfceb5",
                "sha256:7ee8af0b9f7de635c61cdd5b8534b76c52cd03536f29f51151b377f76e214a1a",
                "sha256:8246f30ca34dc712ab07e51dc34fea883c00b7ccb0e614651e49da2c49a30711",
                "sha256:8c88b599e226994ad4db29d93bc149aa1aff3dc3a4355dd5757569ba78632bdf",
                "sha256:923963e989ffbceaa210ac37afc9b906acebe945d2723e9679b643513837b089",
                "sha256:94d55bd03d8671686e3f012577d9caa5421a07286dd351dfef64791cf7c6c505",
                "sha256:97db258793d193c7b62d4e2586c6ed98d51086e93f9a3af2b2034af01450a74b",
                "sha256:a9d6bc8642e2c67db33f1247a77c53476f3a166e09067c0474facb045756087f",
                "sha256:cd11c7e8d21af997ee8079037fff88f16fda188a9776eb4b81c7e4c9c0a7d7fc",
                "sha256:d8d3d4713f0c28bdc6c806a278d998546e8efc3498949e3ace6e117462ac0a5e",
                "sha256:e0bfe9bb028974a481410432dbe1b182e8191d5d40382e5b8ff39cdd2e5c5931",
                "sha256:f4822c0660c3754f1a41a655e37cb4dbbc9be3d35b125a37fab6f82d47674ebc",
                "sha256:f83d281bb2a6217cd806f4cf0ddded436790e66f393e124dfe9731f6b3fb9afe",
                "sha256:fc37870d6716b137e80d19241d0e2cff7a7643b925dfa49b4c8ebd1295eb506e"
            ],
            "index": "pypi",
            "version": "==4.6.2"
        },
        "mako": {
            "hashes": [
                "sha256:8195c8c1400ceb53496064314c6736719c6f25e7479cd24c77be3d9361cddc27",
                "sha256:93729a258e4ff0747c876bd9e20df1b9758028946e976324ccd2d68245c7b6a9"
            ],
            "version": "==1.1.3"
        },
        "markdown": {
            "hashes": [
                "sha256:c00429bd503a47ec88d5e30a751e147dcb4c6889663cd3e2ba0afe858e009baa",
                "sha256:d02e0f9b04c500cde6637c11ad7c72671f359b87b9fe924b2383649d8841db7c"
            ],
            "index": "pypi",
            "version": "==3.0.1"
        },
        "markupsafe": {
            "hashes": [
                "sha256:00bc623926325b26bb9605ae9eae8a215691f33cae5df11ca5424f06f2d1f473",
                "sha256:09027a7803a62ca78792ad89403b1b7a73a01c8cb65909cd876f7fcebd79b161",
                "sha256:09c4b7f37d6c648cb13f9230d847adf22f8171b1ccc4d5682398e77f40309235",
                "sha256:1027c282dad077d0bae18be6794e6b6b8c91d58ed8a8d89a89d59693b9131db5",
                "sha256:13d3144e1e340870b25e7b10b98d779608c02016d5184cfb9927a9f10c689f42",
                "sha256:24982cc2533820871eba85ba648cd53d8623687ff11cbb805be4ff7b4c971aff",
                "sha256:29872e92839765e546828bb7754a68c418d927cd064fd4708fab9fe9c8bb116b",
                "sha256:43a55c2930bbc139570ac2452adf3d70cdbb3cfe5912c71cdce1c2c6bbd9c5d1",
                "sha256:46c99d2de99945ec5cb54f23c8cd5689f6d7177305ebff350a58ce5f8de1669e",
                "sha256:500d4957e52ddc3351cabf489e79c91c17f6e0899158447047588650b5e69183",
                "sha256:535f6fc4d397c1563d08b88e485c3496cf5784e927af890fb3c3aac7f933ec66",
                "sha256:596510de112c685489095da617b5bcbbac7dd6384aeebeda4df6025d0256a81b",
                "sha256:62fe6c95e3ec8a7fad637b7f3d372c15ec1caa01ab47926cfdf7a75b40e0eac1",
                "sha256:6788b695d50a51edb699cb55e35487e430fa21f1ed838122d722e0ff0ac5ba15",
                "sha256:6dd73240d2af64df90aa7c4e7481e23825ea70af4b4922f8ede5b9e35f78a3b1",
                "sha256:717ba8fe3ae9cc0006d7c451f0bb265ee07739daf76355d06366154ee68d221e",
                "sha256:79855e1c5b8da654cf486b830bd42c06e8780cea587384cf6545b7d9ac013a0b",
                "sha256:7c1699dfe0cf8ff607dbdcc1e9b9af1755371f92a68f706051cc8c37d447c905",
                "sha256:88e5fcfb52ee7b911e8bb6d6aa2fd21fbecc674eadd44118a9cc3863f938e735",
                "sha256:8defac2f2ccd6805ebf65f5eeb132adcf2ab57aa11fdf4c0dd5169a004710e7d",
                "sha256:98c7086708b163d425c67c7a91bad6e466bb99d797aa64f965e9d25c12111a5e",
                "sha256:9add70b36c5666a2ed02b43b335fe19002ee5235efd4b8a89bfcf9005bebac0d",
                "sha256:9bf40443012702a1d2070043cb6291650a0841ece432556f784f004937f0f32c",
                "sha256:ade5e387d2ad0d7ebf59146cc00c8044acbd863725f887353a10df825fc8ae21",
                "sha256:b00c1de48212e4cc9603895652c5c410df699856a2853135b3967591e4beebc2",
                "sha256:b1282f8c00509d99fef04d8ba936b156d419be841854fe901d8ae224c59f0be5",
                "sha256:b2051432115498d3562c084a49bba65d97cf251f5a331c64a12ee7e04dacc51b",
                "sha256:ba59edeaa2fc6114428f1637ffff42da1e311e29382d81b339c1817d37ec93c6",
                "sha256:c8716a48d94b06bb3b2524c2b77e055fb313aeb4ea620c8dd03a105574ba704f",
                "sha256:cd5df75523866410809ca100dc9681e301e3c27567cf498077e8551b6d20e42f",
                "sha256:cdb132fc825c38e1aeec2c8aa9338310d29d337bebbd7baa06889d09a60a1fa2",
                "sha256:e249096428b3ae81b08327a63a485ad0878de3fb939049038579ac0ef61e17e7",
                "sha256:e8313f01ba26fbbe36c7be1966a7b7424942f670f38e666995b88d012765b9be"
            ],
            "version": "==1.1.1"
        },
        "natsort": {
            "hashes": [
                "sha256:161dfaa30a820a4a274d4eab1f693300990a1be05ae5724af0cc6d3b530fc979",
                "sha256:33f3f1003e2af4b4df20908fe62aa029999d136b966463746942efbfc821add3"
            ],
            "version": "==7.1.0"
        },
        "nikola": {
            "hashes": [
                "sha256:08c713346a9ae0d6f918c0f62b9e10a1d1e3ec009ba0f9a49e02d2b2bf3656f3",
                "sha256:182b4b9254f0d710603ba491853429ad6ef3f955f3e718191336b44cfd649000"
            ],
            "index": "pypi",
            "version": "==7.8.15"
        },
        "piexif": {
            "hashes": [
                "sha256:3bc435d171720150b81b15d27e05e54b8abbde7b4242cddd81ef160d283108b6",
                "sha256:83cb35c606bf3a1ea1a8f0a25cb42cf17e24353fd82e87ae3884e74a302a5f1b"
            ],
            "version": "==1.1.3"
        },
        "pillow": {
            "hashes": [
                "sha256:165c88bc9d8dba670110c689e3cc5c71dbe4bfb984ffa7cbebf1fac9554071d6",
                "sha256:22d070ca2e60c99929ef274cfced04294d2368193e935c5d6febfd8b601bf865",
                "sha256:2353834b2c49b95e1313fb34edf18fca4d57446675d05298bb694bca4b194174",
                "sha256:39725acf2d2e9c17356e6835dccebe7a697db55f25a09207e38b835d5e1bc032",
                "sha256:3de6b2ee4f78c6b3d89d184ade5d8fa68af0848f9b6b6da2b9ab7943ec46971a",
                "sha256:47c0d93ee9c8b181f353dbead6530b26980fe4f5485aa18be8f1fd3c3cbc685e",
                "sha256:5e2fe3bb2363b862671eba632537cd3a823847db4d98be95690b7e382f3d6378",
                "sha256:604815c55fd92e735f9738f65dabf4edc3e79f88541c221d292faec1904a4b17",
                "sha256:6c5275bd82711cd3dcd0af8ce0bb99113ae8911fc2952805f1d012de7d600a4c",
                "sha256:731ca5aabe9085160cf68b2dbef95fc1991015bc0a3a6ea46a371ab88f3d0913",
                "sha256:7612520e5e1a371d77e1d1ca3a3ee6227eef00d0a9cddb4ef7ecb0b7396eddf7",
                "sha256:7916cbc94f1c6b1301ac04510d0881b9e9feb20ae34094d3615a8a7c3db0dcc0",
                "sha256:81c3fa9a75d9f1afafdb916d5995633f319db09bd773cb56b8e39f1e98d90820",
                "sha256:887668e792b7edbfb1d3c9d8b5d8c859269a0f0eba4dda562adb95500f60dbba",
                "sha256:93a473b53cc6e0b3ce6bf51b1b95b7b1e7e6084be3a07e40f79b42e83503fbf2",
                "sha256:96d4dc103d1a0fa6d47c6c55a47de5f5dafd5ef0114fa10c85a1fd8e0216284b",
                "sha256:a3d3e086474ef12ef13d42e5f9b7bbf09d39cf6bd4940f982263d6954b13f6a9",
                "sha256:b02a0b9f332086657852b1f7cb380f6a42403a6d9c42a4c34a561aa4530d5234",
                "sha256:b09e10ec453de97f9a23a5aa5e30b334195e8d2ddd1ce76cc32e52ba63c8b31d",
                "sha256:b6f00ad5ebe846cc91763b1d0c6d30a8042e02b2316e27b05de04fa6ec831ec5",
                "sha256:bba80df38cfc17f490ec651c73bb37cd896bc2400cfba27d078c2135223c1206",
                "sha256:c3d911614b008e8a576b8e5303e3db29224b455d3d66d1b2848ba6ca83f9ece9",
                "sha256:ca20739e303254287138234485579b28cb0d524401f83d5129b5ff9d606cb0a8",
                "sha256:cb192176b477d49b0a327b2a5a4979552b7a58cd42037034316b8018ac3ebb59",
                "sha256:cdbbe7dff4a677fb555a54f9bc0450f2a21a93c5ba2b44e09e54fcb72d2bd13d",
                "sha256:d355502dce85ade85a2511b40b4c61a128902f246504f7de29bbeec1ae27933a",
                "sha256:dc577f4cfdda354db3ae37a572428a90ffdbe4e51eda7849bf442fb803f09c9b",
                "sha256:dd9eef866c70d2cbbea1ae58134eaffda0d4bfea403025f4db6859724b18ab3d"
            ],
            "version": "==8.1.0"
        },
        "pygments": {
            "hashes": [
                "sha256:ccf3acacf3782cbed4a989426012f1c535c9a90d3a7fc3f16d231b9372d2b716",
                "sha256:f275b6c0909e5dafd2d6269a656aa90fa58ebf4a74f8fcf9053195d226b24a08"
            ],
            "version": "==2.7.3"
        },
        "pyinotify": {
            "hashes": [
                "sha256:9c998a5d7606ca835065cdabc013ae6c66eb9ea76a00a1e3bc6e0cfe2b4f71f4"
            ],
            "markers": "sys_platform == 'linux'",
            "version": "==0.9.6"
        },
        "pyrss2gen": {
            "hashes": [
                "sha256:7960aed7e998d2482bf58716c316509786f596426f879b05f8d84e98b82c6ee7"
            ],
            "version": "==1.1"
        },
        "python-dateutil": {
            "hashes": [
                "sha256:73ebfe9dbf22e832286dafa60473e4cd239f8592f699aa5adaf10050e6e1823c",
                "sha256:75bb3f31ea686f1197762692a9ee6a7550b59fc6ca3a1f4b5d7e32fb98e2da2a"
            ],
            "version": "==2.8.1"
        },
        "requests": {
            "hashes": [
                "sha256:27973dd4a904a4f13b263a19c866c13b92a39ed1c964655f025f3f8d3d75b804",
                "sha256:c210084e36a42ae6b9219e00e48287def368a26d03a048ddad7bfee44f75871e"
            ],
            "version": "==2.25.1"
        },
        "six": {
            "hashes": [
                "sha256:30639c035cdb23534cd4aa2dd52c3bf48f06e5f4a941509c8bafd8ce11080259",
                "sha256:8b74bedcbbbaca38ff6d7491d76f2b06b3592611af620f8426e82dddb04a5ced"
            ],
            "version": "==1.15.0"
        },
        "unidecode": {
            "hashes": [
                "sha256:4c9d15d2f73eb0d2649a151c566901f80a030da1ccb0a2043352e1dbf647586b",
                "sha256:a039f89014245e0cad8858976293e23501accc9ff5a7bdbc739a14a2b7b85cdc"
            ],
            "version": "==1.1.2"
        },
        "urllib3": {
            "hashes": [
                "sha256:19188f96923873c92ccb987120ec4acaa12f0461fa9ce5d3d0772bc965a39e08",
                "sha256:d8ff90d979214d7b4f8ce956e80f4028fc6860e4431f731ea4a8c08f23f99473"
            ],
            "version": "==1.26.2"
        },
        "webassets": {
            "hashes": [
                "sha256:e7d9c8887343123fd5b32309b33167428cb1318cdda97ece12d0907fd69d38db"
            ],
            "index": "pypi",
            "version": "==0.12.1"
        },
        "yapsy": {
            "hashes": [
                "sha256:d8113d9f9c74eacf65b4663c9c037d278c9cb273b5eee5f0e1803baeedb23f8b"
            ],
            "version": "==1.12.2"
        }
    },
    "develop": {}
}
